
Microsoft Visual Studio Solution File, Format Version 12.00
# Visual Studio Version 16
VisualStudioVersion = 16.0.31229.75
MinimumVisualStudioVersion = 10.0.40219.1
Project("{D954291E-2A0B-460D-934E-DC6B0785DB48}") = "POSUNO.Shared", "POSUNO\POSUNO.Shared\POSUNO.Shared.shproj", "{6279C845-92F8-4333-AB99-3D213163593C}"
EndProject
Project("{2150E333-8FDC-42A3-9474-1A3956D46DE8}") = "Platforms", "Platforms", "{4495CA28-5EFA-48D1-8E43-C4B967E71639}"
EndProject
Project("{FAE04EC0-301F-11D3-BF4B-00C04F79EFBC}") = "POSUNO.Droid", "POSUNO\POSUNO.Droid\POSUNO.Droid.csproj", "{7E935DC9-A914-49A2-885C-E7314035A458}"
EndProject
Project("{FAE04EC0-301F-11D3-BF4B-00C04F79EFBC}") = "POSUNO.iOS", "POSUNO\POSUNO.iOS\POSUNO.iOS.csproj", "{1F5C8901-8031-4473-BA8D-161A83D3EC45}"
EndProject
Project("{FAE04EC0-301F-11D3-BF4B-00C04F79EFBC}") = "POSUNO.UWP", "POSUNO\POSUNO.UWP\POSUNO.UWP.csproj", "{20E3DD40-D618-4C2A-BFCE-673CF431A299}"
EndProject
Project("{9A19103F-16F7-4668-BE54-9A1E7A4F7556}") = "POSUNO.Wasm", "POSUNO\POSUNO.Wasm\POSUNO.Wasm.csproj", "{784E2CF7-8CE9-4045-A348-247C072DFF3C}"
EndProject
Project("{FAE04EC0-301F-11D3-BF4B-00C04F79EFBC}") = "POSUNO.macOS", "POSUNO\POSUNO.macOS\POSUNO.macOS.csproj", "{955D3FCE-7B07-42BC-B988-F20C548078E0}"
EndProject
Project("{9A19103F-16F7-4668-BE54-9A1E7A4F7556}") = "POSUNO.Skia.Wpf.Host", "POSUNO\POSUNO.Skia.Wpf.Host\POSUNO.Skia.Wpf.Host.csproj", "{2C749CF2-C419-4CCF-A17F-AC6B8E50EE26}"
EndProject
Project("{9A19103F-16F7-4668-BE54-9A1E7A4F7556}") = "POSUNO.Skia.Wpf", "POSUNO\POSUNO.Skia.Wpf\POSUNO.Skia.Wpf.csproj", "{0EBBE970-E3F2-4800-BF4C-22F8602186B9}"
EndProject
Project("{9A19103F-16F7-4668-BE54-9A1E7A4F7556}") = "POSUNO.Skia.Gtk", "POSUNO\POSUNO.Skia.Gtk\POSUNO.Skia.Gtk.csproj", "{5C2CB8D0-3ABF-4C18-AB86-D1ED0A3C4DFC}"
EndProject
Project("{9A19103F-16F7-4668-BE54-9A1E7A4F7556}") = "POSUNO.Skia.Tizen", "POSUNO\POSUNO.Skia.Tizen\POSUNO.Skia.Tizen.csproj", "{E9A8DD42-D7F3-4A2B-8B26-B1B9B003916A}"
EndProject
Project("{FAE04EC0-301F-11D3-BF4B-00C04F79EFBC}") = "POSUNO.api", "POSUNO.api\POSUNO.api.csproj", "{D7E15282-BD6A-408D-B852-DE5C826315B5}"
EndProject
Global
	GlobalSection(SharedMSBuildProjectFiles) = preSolution
		POSUNO\POSUNO.Shared\POSUNO.Shared.projitems*{0ebbe970-e3f2-4800-bf4c-22f8602186b9}*SharedItemsImports = 5
		POSUNO\POSUNO.Shared\POSUNO.Shared.projitems*{1f5c8901-8031-4473-ba8d-161a83d3ec45}*SharedItemsImports = 4
		POSUNO\POSUNO.Shared\POSUNO.Shared.projitems*{20e3dd40-d618-4c2a-bfce-673cf431a299}*SharedItemsImports = 4
		POSUNO\POSUNO.Shared\POSUNO.Shared.projitems*{5c2cb8d0-3abf-4c18-ab86-d1ed0a3c4dfc}*SharedItemsImports = 5
		POSUNO\POSUNO.Shared\POSUNO.Shared.projitems*{6279c845-92f8-4333-ab99-3d213163593c}*SharedItemsImports = 13
		POSUNO\POSUNO.Shared\POSUNO.Shared.projitems*{784e2cf7-8ce9-4045-a348-247c072dff3c}*SharedItemsImports = 5
		POSUNO\POSUNO.Shared\POSUNO.Shared.projitems*{7e935dc9-a914-49a2-885c-e7314035a458}*SharedItemsImports = 4
		POSUNO\POSUNO.Shared\POSUNO.Shared.projitems*{955d3fce-7b07-42bc-b988-f20c548078e0}*SharedItemsImports = 4
		POSUNO\POSUNO.Shared\POSUNO.Shared.projitems*{e9a8dd42-d7f3-4a2b-8b26-b1b9b003916a}*SharedItemsImports = 5
	EndGlobalSection
	GlobalSection(SolutionConfigurationPlatforms) = preSolution
		Ad-Hoc|Any CPU = Ad-Hoc|Any CPU
		Ad-Hoc|ARM = Ad-Hoc|ARM
		Ad-Hoc|ARM64 = Ad-Hoc|ARM64
		Ad-Hoc|iPhone = Ad-Hoc|iPhone
		Ad-Hoc|iPhoneSimulator = Ad-Hoc|iPhoneSimulator
		Ad-Hoc|x64 = Ad-Hoc|x64
		Ad-Hoc|x86 = Ad-Hoc|x86
		AppStore|Any CPU = AppStore|Any CPU
		AppStore|ARM = AppStore|ARM
		AppStore|ARM64 = AppStore|ARM64
		AppStore|iPhone = AppStore|iPhone
		AppStore|iPhoneSimulator = AppStore|iPhoneSimulator
		AppStore|x64 = AppStore|x64
		AppStore|x86 = AppStore|x86
		Debug|Any CPU = Debug|Any CPU
		Debug|ARM = Debug|ARM
		Debug|ARM64 = Debug|ARM64
		Debug|iPhone = Debug|iPhone
		Debug|iPhoneSimulator = Debug|iPhoneSimulator
		Debug|x64 = Debug|x64
		Debug|x86 = Debug|x86
		Release|Any CPU = Release|Any CPU
		Release|ARM = Release|ARM
		Release|ARM64 = Release|ARM64
		Release|iPhone = Release|iPhone
		Release|iPhoneSimulator = Release|iPhoneSimulator
		Release|x64 = Release|x64
		Release|x86 = Release|x86
	EndGlobalSection
	GlobalSection(ProjectConfigurationPlatforms) = postSolution
		{7E935DC9-A914-49A2-885C-E7314035A458}.Ad-Hoc|Any CPU.ActiveCfg = Debug|Any CPU
		{7E935DC9-A914-49A2-885C-E7314035A458}.Ad-Hoc|Any CPU.Build.0 = Debug|Any CPU
		{7E935DC9-A914-49A2-885C-E7314035A458}.Ad-Hoc|Any CPU.Deploy.0 = Debug|Any CPU
		{7E935DC9-A914-49A2-885C-E7314035A458}.Ad-Hoc|ARM.ActiveCfg = Debug|Any CPU
		{7E935DC9-A914-49A2-885C-E7314035A458}.Ad-Hoc|ARM.Build.0 = Debug|Any CPU
		{7E935DC9-A914-49A2-885C-E7314035A458}.Ad-Hoc|ARM.Deploy.0 = Debug|Any CPU
		{7E935DC9-A914-49A2-885C-E7314035A458}.Ad-Hoc|ARM64.ActiveCfg = Debug|Any CPU
		{7E935DC9-A914-49A2-885C-E7314035A458}.Ad-Hoc|ARM64.Build.0 = Debug|Any CPU
		{7E935DC9-A914-49A2-885C-E7314035A458}.Ad-Hoc|ARM64.Deploy.0 = Debug|Any CPU
		{7E935DC9-A914-49A2-885C-E7314035A458}.Ad-Hoc|iPhone.ActiveCfg = Debug|Any CPU
		{7E935DC9-A914-49A2-885C-E7314035A458}.Ad-Hoc|iPhone.Build.0 = Debug|Any CPU
		{7E935DC9-A914-49A2-885C-E7314035A458}.Ad-Hoc|iPhone.Deploy.0 = Debug|Any CPU
		{7E935DC9-A914-49A2-885C-E7314035A458}.Ad-Hoc|iPhoneSimulator.ActiveCfg = Debug|Any CPU
		{7E935DC9-A914-49A2-885C-E7314035A458}.Ad-Hoc|iPhoneSimulator.Build.0 = Debug|Any CPU
		{7E935DC9-A914-49A2-885C-E7314035A458}.Ad-Hoc|iPhoneSimulator.Deploy.0 = Debug|Any CPU
		{7E935DC9-A914-49A2-885C-E7314035A458}.Ad-Hoc|x64.ActiveCfg = Debug|Any CPU
		{7E935DC9-A914-49A2-885C-E7314035A458}.Ad-Hoc|x64.Build.0 = Debug|Any CPU
		{7E935DC9-A914-49A2-885C-E7314035A458}.Ad-Hoc|x64.Deploy.0 = Debug|Any CPU
		{7E935DC9-A914-49A2-885C-E7314035A458}.Ad-Hoc|x86.ActiveCfg = Debug|Any CPU
		{7E935DC9-A914-49A2-885C-E7314035A458}.Ad-Hoc|x86.Build.0 = Debug|Any CPU
		{7E935DC9-A914-49A2-885C-E7314035A458}.Ad-Hoc|x86.Deploy.0 = Debug|Any CPU
		{7E935DC9-A914-49A2-885C-E7314035A458}.AppStore|Any CPU.ActiveCfg = Debug|Any CPU
		{7E935DC9-A914-49A2-885C-E7314035A458}.AppStore|Any CPU.Build.0 = Debug|Any CPU
		{7E935DC9-A914-49A2-885C-E7314035A458}.AppStore|Any CPU.Deploy.0 = Debug|Any CPU
		{7E935DC9-A914-49A2-885C-E7314035A458}.AppStore|ARM.ActiveCfg = Debug|Any CPU
		{7E935DC9-A914-49A2-885C-E7314035A458}.AppStore|ARM.Build.0 = Debug|Any CPU
		{7E935DC9-A914-49A2-885C-E7314035A458}.AppStore|ARM.Deploy.0 = Debug|Any CPU
		{7E935DC9-A914-49A2-885C-E7314035A458}.AppStore|ARM64.ActiveCfg = Debug|Any CPU
		{7E935DC9-A914-49A2-885C-E7314035A458}.AppStore|ARM64.Build.0 = Debug|Any CPU
		{7E935DC9-A914-49A2-885C-E7314035A458}.AppStore|ARM64.Deploy.0 = Debug|Any CPU
		{7E935DC9-A914-49A2-885C-E7314035A458}.AppStore|iPhone.ActiveCfg = Debug|Any CPU
		{7E935DC9-A914-49A2-885C-E7314035A458}.AppStore|iPhone.Build.0 = Debug|Any CPU
		{7E935DC9-A914-49A2-885C-E7314035A458}.AppStore|iPhone.Deploy.0 = Debug|Any CPU
		{7E935DC9-A914-49A2-885C-E7314035A458}.AppStore|iPhoneSimulator.ActiveCfg = Debug|Any CPU
		{7E935DC9-A914-49A2-885C-E7314035A458}.AppStore|iPhoneSimulator.Build.0 = Debug|Any CPU
		{7E935DC9-A914-49A2-885C-E7314035A458}.AppStore|iPhoneSimulator.Deploy.0 = Debug|Any CPU
		{7E935DC9-A914-49A2-885C-E7314035A458}.AppStore|x64.ActiveCfg = Debug|Any CPU
		{7E935DC9-A914-49A2-885C-E7314035A458}.AppStore|x64.Build.0 = Debug|Any CPU
		{7E935DC9-A914-49A2-885C-E7314035A458}.AppStore|x64.Deploy.0 = Debug|Any CPU
		{7E935DC9-A914-49A2-885C-E7314035A458}.AppStore|x86.ActiveCfg = Debug|Any CPU
		{7E935DC9-A914-49A2-885C-E7314035A458}.AppStore|x86.Build.0 = Debug|Any CPU
		{7E935DC9-A914-49A2-885C-E7314035A458}.AppStore|x86.Deploy.0 = Debug|Any CPU
		{7E935DC9-A914-49A2-885C-E7314035A458}.Debug|Any CPU.ActiveCfg = Debug|Any CPU
		{7E935DC9-A914-49A2-885C-E7314035A458}.Debug|Any CPU.Build.0 = Debug|Any CPU
		{7E935DC9-A914-49A2-885C-E7314035A458}.Debug|Any CPU.Deploy.0 = Debug|Any CPU
		{7E935DC9-A914-49A2-885C-E7314035A458}.Debug|ARM.ActiveCfg = Debug|Any CPU
		{7E935DC9-A914-49A2-885C-E7314035A458}.Debug|ARM.Build.0 = Debug|Any CPU
		{7E935DC9-A914-49A2-885C-E7314035A458}.Debug|ARM.Deploy.0 = Debug|Any CPU
		{7E935DC9-A914-49A2-885C-E7314035A458}.Debug|ARM64.ActiveCfg = Debug|Any CPU
		{7E935DC9-A914-49A2-885C-E7314035A458}.Debug|ARM64.Build.0 = Debug|Any CPU
		{7E935DC9-A914-49A2-885C-E7314035A458}.Debug|ARM64.Deploy.0 = Debug|Any CPU
		{7E935DC9-A914-49A2-885C-E7314035A458}.Debug|iPhone.ActiveCfg = Debug|Any CPU
		{7E935DC9-A914-49A2-885C-E7314035A458}.Debug|iPhone.Build.0 = Debug|Any CPU
		{7E935DC9-A914-49A2-885C-E7314035A458}.Debug|iPhone.Deploy.0 = Debug|Any CPU
		{7E935DC9-A914-49A2-885C-E7314035A458}.Debug|iPhoneSimulator.ActiveCfg = Debug|Any CPU
		{7E935DC9-A914-49A2-885C-E7314035A458}.Debug|iPhoneSimulator.Build.0 = Debug|Any CPU
		{7E935DC9-A914-49A2-885C-E7314035A458}.Debug|iPhoneSimulator.Deploy.0 = Debug|Any CPU
		{7E935DC9-A914-49A2-885C-E7314035A458}.Debug|x64.ActiveCfg = Debug|Any CPU
		{7E935DC9-A914-49A2-885C-E7314035A458}.Debug|x64.Build.0 = Debug|Any CPU
		{7E935DC9-A914-49A2-885C-E7314035A458}.Debug|x64.Deploy.0 = Debug|Any CPU
		{7E935DC9-A914-49A2-885C-E7314035A458}.Debug|x86.ActiveCfg = Debug|Any CPU
		{7E935DC9-A914-49A2-885C-E7314035A458}.Debug|x86.Build.0 = Debug|Any CPU
		{7E935DC9-A914-49A2-885C-E7314035A458}.Debug|x86.Deploy.0 = Debug|Any CPU
		{7E935DC9-A914-49A2-885C-E7314035A458}.Release|Any CPU.ActiveCfg = Release|Any CPU
		{7E935DC9-A914-49A2-885C-E7314035A458}.Release|Any CPU.Build.0 = Release|Any CPU
		{7E935DC9-A914-49A2-885C-E7314035A458}.Release|Any CPU.Deploy.0 = Release|Any CPU
		{7E935DC9-A914-49A2-885C-E7314035A458}.Release|ARM.ActiveCfg = Release|Any CPU
		{7E935DC9-A914-49A2-885C-E7314035A458}.Release|ARM.Build.0 = Release|Any CPU
		{7E935DC9-A914-49A2-885C-E7314035A458}.Release|ARM.Deploy.0 = Release|Any CPU
		{7E935DC9-A914-49A2-885C-E7314035A458}.Release|ARM64.ActiveCfg = Release|Any CPU
		{7E935DC9-A914-49A2-885C-E7314035A458}.Release|ARM64.Build.0 = Release|Any CPU
		{7E935DC9-A914-49A2-885C-E7314035A458}.Release|ARM64.Deploy.0 = Release|Any CPU
		{7E935DC9-A914-49A2-885C-E7314035A458}.Release|iPhone.ActiveCfg = Release|Any CPU
		{7E935DC9-A914-49A2-885C-E7314035A458}.Release|iPhone.Build.0 = Release|Any CPU
		{7E935DC9-A914-49A2-885C-E7314035A458}.Release|iPhone.Deploy.0 = Release|Any CPU
		{7E935DC9-A914-49A2-885C-E7314035A458}.Release|iPhoneSimulator.ActiveCfg = Release|Any CPU
		{7E935DC9-A914-49A2-885C-E7314035A458}.Release|iPhoneSimulator.Build.0 = Release|Any CPU
		{7E935DC9-A914-49A2-885C-E7314035A458}.Release|iPhoneSimulator.Deploy.0 = Release|Any CPU
		{7E935DC9-A914-49A2-885C-E7314035A458}.Release|x64.ActiveCfg = Release|Any CPU
		{7E935DC9-A914-49A2-885C-E7314035A458}.Release|x64.Build.0 = Release|Any CPU
		{7E935DC9-A914-49A2-885C-E7314035A458}.Release|x64.Deploy.0 = Release|Any CPU
		{7E935DC9-A914-49A2-885C-E7314035A458}.Release|x86.ActiveCfg = Release|Any CPU
		{7E935DC9-A914-49A2-885C-E7314035A458}.Release|x86.Build.0 = Release|Any CPU
		{7E935DC9-A914-49A2-885C-E7314035A458}.Release|x86.Deploy.0 = Release|Any CPU
		{1F5C8901-8031-4473-BA8D-161A83D3EC45}.Ad-Hoc|Any CPU.ActiveCfg = Ad-Hoc|iPhoneSimulator
		{1F5C8901-8031-4473-BA8D-161A83D3EC45}.Ad-Hoc|ARM.ActiveCfg = Ad-Hoc|iPhoneSimulator
		{1F5C8901-8031-4473-BA8D-161A83D3EC45}.Ad-Hoc|ARM64.ActiveCfg = Ad-Hoc|iPhoneSimulator
		{1F5C8901-8031-4473-BA8D-161A83D3EC45}.Ad-Hoc|iPhone.ActiveCfg = Ad-Hoc|iPhone
		{1F5C8901-8031-4473-BA8D-161A83D3EC45}.Ad-Hoc|iPhone.Build.0 = Ad-Hoc|iPhone
		{1F5C8901-8031-4473-BA8D-161A83D3EC45}.Ad-Hoc|iPhoneSimulator.ActiveCfg = Ad-Hoc|iPhoneSimulator
		{1F5C8901-8031-4473-BA8D-161A83D3EC45}.Ad-Hoc|iPhoneSimulator.Build.0 = Ad-Hoc|iPhoneSimulator
		{1F5C8901-8031-4473-BA8D-161A83D3EC45}.Ad-Hoc|x64.ActiveCfg = Ad-Hoc|iPhoneSimulator
		{1F5C8901-8031-4473-BA8D-161A83D3EC45}.Ad-Hoc|x86.ActiveCfg = Ad-Hoc|iPhoneSimulator
		{1F5C8901-8031-4473-BA8D-161A83D3EC45}.AppStore|Any CPU.ActiveCfg = AppStore|iPhoneSimulator
		{1F5C8901-8031-4473-BA8D-161A83D3EC45}.AppStore|ARM.ActiveCfg = AppStore|iPhoneSimulator
		{1F5C8901-8031-4473-BA8D-161A83D3EC45}.AppStore|ARM64.ActiveCfg = AppStore|iPhoneSimulator
		{1F5C8901-8031-4473-BA8D-161A83D3EC45}.AppStore|iPhone.ActiveCfg = AppStore|iPhone
		{1F5C8901-8031-4473-BA8D-161A83D3EC45}.AppStore|iPhone.Build.0 = AppStore|iPhone
		{1F5C8901-8031-4473-BA8D-161A83D3EC45}.AppStore|iPhoneSimulator.ActiveCfg = AppStore|iPhoneSimulator
		{1F5C8901-8031-4473-BA8D-161A83D3EC45}.AppStore|iPhoneSimulator.Build.0 = AppStore|iPhoneSimulator
		{1F5C8901-8031-4473-BA8D-161A83D3EC45}.AppStore|x64.ActiveCfg = AppStore|iPhoneSimulator
		{1F5C8901-8031-4473-BA8D-161A83D3EC45}.AppStore|x86.ActiveCfg = AppStore|iPhoneSimulator
		{1F5C8901-8031-4473-BA8D-161A83D3EC45}.Debug|Any CPU.ActiveCfg = Debug|iPhoneSimulator
		{1F5C8901-8031-4473-BA8D-161A83D3EC45}.Debug|ARM.ActiveCfg = Debug|iPhoneSimulator
		{1F5C8901-8031-4473-BA8D-161A83D3EC45}.Debug|ARM64.ActiveCfg = Debug|iPhoneSimulator
		{1F5C8901-8031-4473-BA8D-161A83D3EC45}.Debug|iPhone.ActiveCfg = Debug|iPhone
		{1F5C8901-8031-4473-BA8D-161A83D3EC45}.Debug|iPhone.Build.0 = Debug|iPhone
		{1F5C8901-8031-4473-BA8D-161A83D3EC45}.Debug|iPhoneSimulator.ActiveCfg = Debug|iPhoneSimulator
		{1F5C8901-8031-4473-BA8D-161A83D3EC45}.Debug|iPhoneSimulator.Build.0 = Debug|iPhoneSimulator
		{1F5C8901-8031-4473-BA8D-161A83D3EC45}.Debug|x64.ActiveCfg = Debug|iPhoneSimulator
		{1F5C8901-8031-4473-BA8D-161A83D3EC45}.Debug|x86.ActiveCfg = Debug|iPhoneSimulator
		{1F5C8901-8031-4473-BA8D-161A83D3EC45}.Release|Any CPU.ActiveCfg = Release|iPhoneSimulator
		{1F5C8901-8031-4473-BA8D-161A83D3EC45}.Release|ARM.ActiveCfg = Release|iPhoneSimulator
		{1F5C8901-8031-4473-BA8D-161A83D3EC45}.Release|ARM64.ActiveCfg = Release|iPhoneSimulator
		{1F5C8901-8031-4473-BA8D-161A83D3EC45}.Release|iPhone.ActiveCfg = Release|iPhone
		{1F5C8901-8031-4473-BA8D-161A83D3EC45}.Release|iPhone.Build.0 = Release|iPhone
		{1F5C8901-8031-4473-BA8D-161A83D3EC45}.Release|iPhoneSimulator.ActiveCfg = Release|iPhoneSimulator
		{1F5C8901-8031-4473-BA8D-161A83D3EC45}.Release|iPhoneSimulator.Build.0 = Release|iPhoneSimulator
		{1F5C8901-8031-4473-BA8D-161A83D3EC45}.Release|x64.ActiveCfg = Release|iPhoneSimulator
		{1F5C8901-8031-4473-BA8D-161A83D3EC45}.Release|x86.ActiveCfg = Release|iPhoneSimulator
		{20E3DD40-D618-4C2A-BFCE-673CF431A299}.Ad-Hoc|Any CPU.ActiveCfg = Debug|x86
		{20E3DD40-D618-4C2A-BFCE-673CF431A299}.Ad-Hoc|Any CPU.Build.0 = Debug|x86
		{20E3DD40-D618-4C2A-BFCE-673CF431A299}.Ad-Hoc|Any CPU.Deploy.0 = Debug|x86
		{20E3DD40-D618-4C2A-BFCE-673CF431A299}.Ad-Hoc|ARM.ActiveCfg = Debug|ARM
		{20E3DD40-D618-4C2A-BFCE-673CF431A299}.Ad-Hoc|ARM.Build.0 = Debug|ARM
		{20E3DD40-D618-4C2A-BFCE-673CF431A299}.Ad-Hoc|ARM.Deploy.0 = Debug|ARM
		{20E3DD40-D618-4C2A-BFCE-673CF431A299}.Ad-Hoc|ARM64.ActiveCfg = Debug|ARM64
		{20E3DD40-D618-4C2A-BFCE-673CF431A299}.Ad-Hoc|ARM64.Build.0 = Debug|ARM64
		{20E3DD40-D618-4C2A-BFCE-673CF431A299}.Ad-Hoc|ARM64.Deploy.0 = Debug|ARM64
		{20E3DD40-D618-4C2A-BFCE-673CF431A299}.Ad-Hoc|iPhone.ActiveCfg = Debug|x86
		{20E3DD40-D618-4C2A-BFCE-673CF431A299}.Ad-Hoc|iPhone.Build.0 = Debug|x86
		{20E3DD40-D618-4C2A-BFCE-673CF431A299}.Ad-Hoc|iPhone.Deploy.0 = Debug|x86
		{20E3DD40-D618-4C2A-BFCE-673CF431A299}.Ad-Hoc|iPhoneSimulator.ActiveCfg = Debug|x86
		{20E3DD40-D618-4C2A-BFCE-673CF431A299}.Ad-Hoc|iPhoneSimulator.Build.0 = Debug|x86
		{20E3DD40-D618-4C2A-BFCE-673CF431A299}.Ad-Hoc|iPhoneSimulator.Deploy.0 = Debug|x86
		{20E3DD40-D618-4C2A-BFCE-673CF431A299}.Ad-Hoc|x64.ActiveCfg = Debug|x64
		{20E3DD40-D618-4C2A-BFCE-673CF431A299}.Ad-Hoc|x64.Build.0 = Debug|x64
		{20E3DD40-D618-4C2A-BFCE-673CF431A299}.Ad-Hoc|x64.Deploy.0 = Debug|x64
		{20E3DD40-D618-4C2A-BFCE-673CF431A299}.Ad-Hoc|x86.ActiveCfg = Debug|x86
		{20E3DD40-D618-4C2A-BFCE-673CF431A299}.Ad-Hoc|x86.Build.0 = Debug|x86
		{20E3DD40-D618-4C2A-BFCE-673CF431A299}.Ad-Hoc|x86.Deploy.0 = Debug|x86
		{20E3DD40-D618-4C2A-BFCE-673CF431A299}.AppStore|Any CPU.ActiveCfg = Debug|x86
		{20E3DD40-D618-4C2A-BFCE-673CF431A299}.AppStore|Any CPU.Build.0 = Debug|x86
		{20E3DD40-D618-4C2A-BFCE-673CF431A299}.AppStore|Any CPU.Deploy.0 = Debug|x86
		{20E3DD40-D618-4C2A-BFCE-673CF431A299}.AppStore|ARM.ActiveCfg = Debug|ARM
		{20E3DD40-D618-4C2A-BFCE-673CF431A299}.AppStore|ARM.Build.0 = Debug|ARM
		{20E3DD40-D618-4C2A-BFCE-673CF431A299}.AppStore|ARM.Deploy.0 = Debug|ARM
		{20E3DD40-D618-4C2A-BFCE-673CF431A299}.AppStore|ARM64.ActiveCfg = Debug|ARM64
		{20E3DD40-D618-4C2A-BFCE-673CF431A299}.AppStore|ARM64.Build.0 = Debug|ARM64
		{20E3DD40-D618-4C2A-BFCE-673CF431A299}.AppStore|ARM64.Deploy.0 = Debug|ARM64
		{20E3DD40-D618-4C2A-BFCE-673CF431A299}.AppStore|iPhone.ActiveCfg = Debug|x86
		{20E3DD40-D618-4C2A-BFCE-673CF431A299}.AppStore|iPhone.Build.0 = Debug|x86
		{20E3DD40-D618-4C2A-BFCE-673CF431A299}.AppStore|iPhone.Deploy.0 = Debug|x86
		{20E3DD40-D618-4C2A-BFCE-673CF431A299}.AppStore|iPhoneSimulator.ActiveCfg = Debug|x86
		{20E3DD40-D618-4C2A-BFCE-673CF431A299}.AppStore|iPhoneSimulator.Build.0 = Debug|x86
		{20E3DD40-D618-4C2A-BFCE-673CF431A299}.AppStore|iPhoneSimulator.Deploy.0 = Debug|x86
		{20E3DD40-D618-4C2A-BFCE-673CF431A299}.AppStore|x64.ActiveCfg = Debug|x64
		{20E3DD40-D618-4C2A-BFCE-673CF431A299}.AppStore|x64.Build.0 = Debug|x64
		{20E3DD40-D618-4C2A-BFCE-673CF431A299}.AppStore|x64.Deploy.0 = Debug|x64
		{20E3DD40-D618-4C2A-BFCE-673CF431A299}.AppStore|x86.ActiveCfg = Debug|x86
		{20E3DD40-D618-4C2A-BFCE-673CF431A299}.AppStore|x86.Build.0 = Debug|x86
		{20E3DD40-D618-4C2A-BFCE-673CF431A299}.AppStore|x86.Deploy.0 = Debug|x86
		{20E3DD40-D618-4C2A-BFCE-673CF431A299}.Debug|Any CPU.ActiveCfg = Debug|x86
		{20E3DD40-D618-4C2A-BFCE-673CF431A299}.Debug|Any CPU.Build.0 = Debug|x86
		{20E3DD40-D618-4C2A-BFCE-673CF431A299}.Debug|Any CPU.Deploy.0 = Debug|x86
		{20E3DD40-D618-4C2A-BFCE-673CF431A299}.Debug|ARM.ActiveCfg = Debug|ARM
		{20E3DD40-D618-4C2A-BFCE-673CF431A299}.Debug|ARM.Build.0 = Debug|ARM
		{20E3DD40-D618-4C2A-BFCE-673CF431A299}.Debug|ARM.Deploy.0 = Debug|ARM
		{20E3DD40-D618-4C2A-BFCE-673CF431A299}.Debug|ARM64.ActiveCfg = Debug|ARM64
		{20E3DD40-D618-4C2A-BFCE-673CF431A299}.Debug|ARM64.Build.0 = Debug|ARM64
		{20E3DD40-D618-4C2A-BFCE-673CF431A299}.Debug|ARM64.Deploy.0 = Debug|ARM64
		{20E3DD40-D618-4C2A-BFCE-673CF431A299}.Debug|iPhone.ActiveCfg = Debug|x86
		{20E3DD40-D618-4C2A-BFCE-673CF431A299}.Debug|iPhoneSimulator.ActiveCfg = Debug|x86
		{20E3DD40-D618-4C2A-BFCE-673CF431A299}.Debug|x64.ActiveCfg = Debug|x64
		{20E3DD40-D618-4C2A-BFCE-673CF431A299}.Debug|x64.Build.0 = Debug|x64
		{20E3DD40-D618-4C2A-BFCE-673CF431A299}.Debug|x64.Deploy.0 = Debug|x64
		{20E3DD40-D618-4C2A-BFCE-673CF431A299}.Debug|x86.ActiveCfg = Debug|x86
		{20E3DD40-D618-4C2A-BFCE-673CF431A299}.Debug|x86.Build.0 = Debug|x86
		{20E3DD40-D618-4C2A-BFCE-673CF431A299}.Debug|x86.Deploy.0 = Debug|x86
		{20E3DD40-D618-4C2A-BFCE-673CF431A299}.Release|Any CPU.ActiveCfg = Release|x86
		{20E3DD40-D618-4C2A-BFCE-673CF431A299}.Release|ARM.ActiveCfg = Release|ARM
		{20E3DD40-D618-4C2A-BFCE-673CF431A299}.Release|ARM.Build.0 = Release|ARM
		{20E3DD40-D618-4C2A-BFCE-673CF431A299}.Release|ARM.Deploy.0 = Release|ARM
		{20E3DD40-D618-4C2A-BFCE-673CF431A299}.Release|ARM64.ActiveCfg = Release|ARM64
		{20E3DD40-D618-4C2A-BFCE-673CF431A299}.Release|ARM64.Build.0 = Release|ARM64
		{20E3DD40-D618-4C2A-BFCE-673CF431A299}.Release|ARM64.Deploy.0 = Release|ARM64
		{20E3DD40-D618-4C2A-BFCE-673CF431A299}.Release|iPhone.ActiveCfg = Release|x86
		{20E3DD40-D618-4C2A-BFCE-673CF431A299}.Release|iPhoneSimulator.ActiveCfg = Release|x86
		{20E3DD40-D618-4C2A-BFCE-673CF431A299}.Release|x64.ActiveCfg = Release|x64
		{20E3DD40-D618-4C2A-BFCE-673CF431A299}.Release|x64.Build.0 = Release|x64
		{20E3DD40-D618-4C2A-BFCE-673CF431A299}.Release|x64.Deploy.0 = Release|x64
		{20E3DD40-D618-4C2A-BFCE-673CF431A299}.Release|x86.ActiveCfg = Release|x86
		{20E3DD40-D618-4C2A-BFCE-673CF431A299}.Release|x86.Build.0 = Release|x86
		{20E3DD40-D618-4C2A-BFCE-673CF431A299}.Release|x86.Deploy.0 = Release|x86
		{784E2CF7-8CE9-4045-A348-247C072DFF3C}.Ad-Hoc|Any CPU.ActiveCfg = Debug|Any CPU
		{784E2CF7-8CE9-4045-A348-247C072DFF3C}.Ad-Hoc|Any CPU.Build.0 = Debug|Any CPU
		{784E2CF7-8CE9-4045-A348-247C072DFF3C}.Ad-Hoc|ARM.ActiveCfg = Debug|Any CPU
		{784E2CF7-8CE9-4045-A348-247C072DFF3C}.Ad-Hoc|ARM.Build.0 = Debug|Any CPU
		{784E2CF7-8CE9-4045-A348-247C072DFF3C}.Ad-Hoc|ARM64.ActiveCfg = Debug|Any CPU
		{784E2CF7-8CE9-4045-A348-247C072DFF3C}.Ad-Hoc|ARM64.Build.0 = Debug|Any CPU
		{784E2CF7-8CE9-4045-A348-247C072DFF3C}.Ad-Hoc|iPhone.ActiveCfg = Debug|Any CPU
		{784E2CF7-8CE9-4045-A348-247C072DFF3C}.Ad-Hoc|iPhone.Build.0 = Debug|Any CPU
		{784E2CF7-8CE9-4045-A348-247C072DFF3C}.Ad-Hoc|iPhoneSimulator.ActiveCfg = Debug|Any CPU
		{784E2CF7-8CE9-4045-A348-247C072DFF3C}.Ad-Hoc|iPhoneSimulator.Build.0 = Debug|Any CPU
		{784E2CF7-8CE9-4045-A348-247C072DFF3C}.Ad-Hoc|x64.ActiveCfg = Debug|Any CPU
		{784E2CF7-8CE9-4045-A348-247C072DFF3C}.Ad-Hoc|x64.Build.0 = Debug|Any CPU
		{784E2CF7-8CE9-4045-A348-247C072DFF3C}.Ad-Hoc|x86.ActiveCfg = Debug|Any CPU
		{784E2CF7-8CE9-4045-A348-247C072DFF3C}.Ad-Hoc|x86.Build.0 = Debug|Any CPU
		{784E2CF7-8CE9-4045-A348-247C072DFF3C}.AppStore|Any CPU.ActiveCfg = Debug|Any CPU
		{784E2CF7-8CE9-4045-A348-247C072DFF3C}.AppStore|Any CPU.Build.0 = Debug|Any CPU
		{784E2CF7-8CE9-4045-A348-247C072DFF3C}.AppStore|ARM.ActiveCfg = Debug|Any CPU
		{784E2CF7-8CE9-4045-A348-247C072DFF3C}.AppStore|ARM.Build.0 = Debug|Any CPU
		{784E2CF7-8CE9-4045-A348-247C072DFF3C}.AppStore|ARM64.ActiveCfg = Debug|Any CPU
		{784E2CF7-8CE9-4045-A348-247C072DFF3C}.AppStore|ARM64.Build.0 = Debug|Any CPU
		{784E2CF7-8CE9-4045-A348-247C072DFF3C}.AppStore|iPhone.ActiveCfg = Debug|Any CPU
		{784E2CF7-8CE9-4045-A348-247C072DFF3C}.AppStore|iPhone.Build.0 = Debug|Any CPU
		{784E2CF7-8CE9-4045-A348-247C072DFF3C}.AppStore|iPhoneSimulator.ActiveCfg = Debug|Any CPU
		{784E2CF7-8CE9-4045-A348-247C072DFF3C}.AppStore|iPhoneSimulator.Build.0 = Debug|Any CPU
		{784E2CF7-8CE9-4045-A348-247C072DFF3C}.AppStore|x64.ActiveCfg = Debug|Any CPU
		{784E2CF7-8CE9-4045-A348-247C072DFF3C}.AppStore|x64.Build.0 = Debug|Any CPU
		{784E2CF7-8CE9-4045-A348-247C072DFF3C}.AppStore|x86.ActiveCfg = Debug|Any CPU
		{784E2CF7-8CE9-4045-A348-247C072DFF3C}.AppStore|x86.Build.0 = Debug|Any CPU
		{784E2CF7-8CE9-4045-A348-247C072DFF3C}.Debug|Any CPU.ActiveCfg = Debug|Any CPU
		{784E2CF7-8CE9-4045-A348-247C072DFF3C}.Debug|Any CPU.Build.0 = Debug|Any CPU
		{784E2CF7-8CE9-4045-A348-247C072DFF3C}.Debug|ARM.ActiveCfg = Debug|Any CPU
		{784E2CF7-8CE9-4045-A348-247C072DFF3C}.Debug|ARM.Build.0 = Debug|Any CPU
		{784E2CF7-8CE9-4045-A348-247C072DFF3C}.Debug|ARM64.ActiveCfg = Debug|Any CPU
		{784E2CF7-8CE9-4045-A348-247C072DFF3C}.Debug|ARM64.Build.0 = Debug|Any CPU
		{784E2CF7-8CE9-4045-A348-247C072DFF3C}.Debug|iPhone.ActiveCfg = Debug|Any CPU
		{784E2CF7-8CE9-4045-A348-247C072DFF3C}.Debug|iPhone.Build.0 = Debug|Any CPU
		{784E2CF7-8CE9-4045-A348-247C072DFF3C}.Debug|iPhoneSimulator.ActiveCfg = Debug|Any CPU
		{784E2CF7-8CE9-4045-A348-247C072DFF3C}.Debug|iPhoneSimulator.Build.0 = Debug|Any CPU
		{784E2CF7-8CE9-4045-A348-247C072DFF3C}.Debug|x64.ActiveCfg = Debug|Any CPU
		{784E2CF7-8CE9-4045-A348-247C072DFF3C}.Debug|x64.Build.0 = Debug|Any CPU
		{784E2CF7-8CE9-4045-A348-247C072DFF3C}.Debug|x86.ActiveCfg = Debug|Any CPU
		{784E2CF7-8CE9-4045-A348-247C072DFF3C}.Debug|x86.Build.0 = Debug|Any CPU
		{784E2CF7-8CE9-4045-A348-247C072DFF3C}.Release|Any CPU.ActiveCfg = Release|Any CPU
		{784E2CF7-8CE9-4045-A348-247C072DFF3C}.Release|Any CPU.Build.0 = Release|Any CPU
		{784E2CF7-8CE9-4045-A348-247C072DFF3C}.Release|ARM.ActiveCfg = Release|Any CPU
		{784E2CF7-8CE9-4045-A348-247C072DFF3C}.Release|ARM.Build.0 = Release|Any CPU
		{784E2CF7-8CE9-4045-A348-247C072DFF3C}.Release|ARM64.ActiveCfg = Release|Any CPU
		{784E2CF7-8CE9-4045-A348-247C072DFF3C}.Release|ARM64.Build.0 = Release|Any CPU
		{784E2CF7-8CE9-4045-A348-247C072DFF3C}.Release|iPhone.ActiveCfg = Release|Any CPU
		{784E2CF7-8CE9-4045-A348-247C072DFF3C}.Release|iPhone.Build.0 = Release|Any CPU
		{784E2CF7-8CE9-4045-A348-247C072DFF3C}.Release|iPhoneSimulator.ActiveCfg = Release|Any CPU
		{784E2CF7-8CE9-4045-A348-247C072DFF3C}.Release|iPhoneSimulator.Build.0 = Release|Any CPU
		{784E2CF7-8CE9-4045-A348-247C072DFF3C}.Release|x64.ActiveCfg = Release|Any CPU
		{784E2CF7-8CE9-4045-A348-247C072DFF3C}.Release|x64.Build.0 = Release|Any CPU
		{784E2CF7-8CE9-4045-A348-247C072DFF3C}.Release|x86.ActiveCfg = Release|Any CPU
		{784E2CF7-8CE9-4045-A348-247C072DFF3C}.Release|x86.Build.0 = Release|Any CPU
		{955D3FCE-7B07-42BC-B988-F20C548078E0}.Ad-Hoc|Any CPU.ActiveCfg = Debug|iPhoneSimulator
		{955D3FCE-7B07-42BC-B988-F20C548078E0}.Ad-Hoc|Any CPU.Build.0 = Debug|iPhoneSimulator
		{955D3FCE-7B07-42BC-B988-F20C548078E0}.Ad-Hoc|ARM.ActiveCfg = Debug|iPhoneSimulator
		{955D3FCE-7B07-42BC-B988-F20C548078E0}.Ad-Hoc|ARM.Build.0 = Debug|iPhoneSimulator
		{955D3FCE-7B07-42BC-B988-F20C548078E0}.Ad-Hoc|ARM64.ActiveCfg = Debug|iPhoneSimulator
		{955D3FCE-7B07-42BC-B988-F20C548078E0}.Ad-Hoc|ARM64.Build.0 = Debug|iPhoneSimulator
		{955D3FCE-7B07-42BC-B988-F20C548078E0}.Ad-Hoc|iPhone.ActiveCfg = Debug|iPhoneSimulator
		{955D3FCE-7B07-42BC-B988-F20C548078E0}.Ad-Hoc|iPhone.Build.0 = Debug|iPhoneSimulator
		{955D3FCE-7B07-42BC-B988-F20C548078E0}.Ad-Hoc|iPhoneSimulator.ActiveCfg = Debug|iPhoneSimulator
		{955D3FCE-7B07-42BC-B988-F20C548078E0}.Ad-Hoc|iPhoneSimulator.Build.0 = Debug|iPhoneSimulator
		{955D3FCE-7B07-42BC-B988-F20C548078E0}.Ad-Hoc|x64.ActiveCfg = Debug|iPhoneSimulator
		{955D3FCE-7B07-42BC-B988-F20C548078E0}.Ad-Hoc|x64.Build.0 = Debug|iPhoneSimulator
		{955D3FCE-7B07-42BC-B988-F20C548078E0}.Ad-Hoc|x86.ActiveCfg = Debug|iPhoneSimulator
		{955D3FCE-7B07-42BC-B988-F20C548078E0}.Ad-Hoc|x86.Build.0 = Debug|iPhoneSimulator
		{955D3FCE-7B07-42BC-B988-F20C548078E0}.AppStore|Any CPU.ActiveCfg = Debug|iPhoneSimulator
		{955D3FCE-7B07-42BC-B988-F20C548078E0}.AppStore|Any CPU.Build.0 = Debug|iPhoneSimulator
		{955D3FCE-7B07-42BC-B988-F20C548078E0}.AppStore|ARM.ActiveCfg = Debug|iPhoneSimulator
		{955D3FCE-7B07-42BC-B988-F20C548078E0}.AppStore|ARM.Build.0 = Debug|iPhoneSimulator
		{955D3FCE-7B07-42BC-B988-F20C548078E0}.AppStore|ARM64.ActiveCfg = Debug|iPhoneSimulator
		{955D3FCE-7B07-42BC-B988-F20C548078E0}.AppStore|ARM64.Build.0 = Debug|iPhoneSimulator
		{955D3FCE-7B07-42BC-B988-F20C548078E0}.AppStore|iPhone.ActiveCfg = Debug|iPhoneSimulator
		{955D3FCE-7B07-42BC-B988-F20C548078E0}.AppStore|iPhone.Build.0 = Debug|iPhoneSimulator
		{955D3FCE-7B07-42BC-B988-F20C548078E0}.AppStore|iPhoneSimulator.ActiveCfg = Debug|iPhoneSimulator
		{955D3FCE-7B07-42BC-B988-F20C548078E0}.AppStore|iPhoneSimulator.Build.0 = Debug|iPhoneSimulator
		{955D3FCE-7B07-42BC-B988-F20C548078E0}.AppStore|x64.ActiveCfg = Debug|iPhoneSimulator
		{955D3FCE-7B07-42BC-B988-F20C548078E0}.AppStore|x64.Build.0 = Debug|iPhoneSimulator
		{955D3FCE-7B07-42BC-B988-F20C548078E0}.AppStore|x86.ActiveCfg = Debug|iPhoneSimulator
		{955D3FCE-7B07-42BC-B988-F20C548078E0}.AppStore|x86.Build.0 = Debug|iPhoneSimulator
		{955D3FCE-7B07-42BC-B988-F20C548078E0}.Debug|Any CPU.ActiveCfg = Debug|iPhoneSimulator
		{955D3FCE-7B07-42BC-B988-F20C548078E0}.Debug|ARM.ActiveCfg = Debug|iPhoneSimulator
		{955D3FCE-7B07-42BC-B988-F20C548078E0}.Debug|ARM64.ActiveCfg = Debug|iPhoneSimulator
		{955D3FCE-7B07-42BC-B988-F20C548078E0}.Debug|iPhone.ActiveCfg = Debug|iPhoneSimulator
		{955D3FCE-7B07-42BC-B988-F20C548078E0}.Debug|iPhoneSimulator.ActiveCfg = Debug|iPhoneSimulator
		{955D3FCE-7B07-42BC-B988-F20C548078E0}.Debug|iPhoneSimulator.Build.0 = Debug|iPhoneSimulator
		{955D3FCE-7B07-42BC-B988-F20C548078E0}.Debug|x64.ActiveCfg = Debug|iPhoneSimulator
		{955D3FCE-7B07-42BC-B988-F20C548078E0}.Debug|x86.ActiveCfg = Debug|iPhoneSimulator
		{955D3FCE-7B07-42BC-B988-F20C548078E0}.Release|Any CPU.ActiveCfg = Release|iPhoneSimulator
		{955D3FCE-7B07-42BC-B988-F20C548078E0}.Release|ARM.ActiveCfg = Release|iPhoneSimulator
		{955D3FCE-7B07-42BC-B988-F20C548078E0}.Release|ARM64.ActiveCfg = Release|iPhoneSimulator
		{955D3FCE-7B07-42BC-B988-F20C548078E0}.Release|iPhone.ActiveCfg = Release|iPhoneSimulator
		{955D3FCE-7B07-42BC-B988-F20C548078E0}.Release|iPhoneSimulator.ActiveCfg = Release|iPhoneSimulator
		{955D3FCE-7B07-42BC-B988-F20C548078E0}.Release|iPhoneSimulator.Build.0 = Release|iPhoneSimulator
		{955D3FCE-7B07-42BC-B988-F20C548078E0}.Release|x64.ActiveCfg = Release|iPhoneSimulator
		{955D3FCE-7B07-42BC-B988-F20C548078E0}.Release|x86.ActiveCfg = Release|iPhoneSimulator
		{2C749CF2-C419-4CCF-A17F-AC6B8E50EE26}.Ad-Hoc|Any CPU.ActiveCfg = Debug|Any CPU
		{2C749CF2-C419-4CCF-A17F-AC6B8E50EE26}.Ad-Hoc|Any CPU.Build.0 = Debug|Any CPU
		{2C749CF2-C419-4CCF-A17F-AC6B8E50EE26}.Ad-Hoc|ARM.ActiveCfg = Debug|Any CPU
		{2C749CF2-C419-4CCF-A17F-AC6B8E50EE26}.Ad-Hoc|ARM.Build.0 = Debug|Any CPU
		{2C749CF2-C419-4CCF-A17F-AC6B8E50EE26}.Ad-Hoc|ARM64.ActiveCfg = Debug|Any CPU
		{2C749CF2-C419-4CCF-A17F-AC6B8E50EE26}.Ad-Hoc|ARM64.Build.0 = Debug|Any CPU
		{2C749CF2-C419-4CCF-A17F-AC6B8E50EE26}.Ad-Hoc|iPhone.ActiveCfg = Debug|Any CPU
		{2C749CF2-C419-4CCF-A17F-AC6B8E50EE26}.Ad-Hoc|iPhone.Build.0 = Debug|Any CPU
		{2C749CF2-C419-4CCF-A17F-AC6B8E50EE26}.Ad-Hoc|iPhoneSimulator.ActiveCfg = Debug|Any CPU
		{2C749CF2-C419-4CCF-A17F-AC6B8E50EE26}.Ad-Hoc|iPhoneSimulator.Build.0 = Debug|Any CPU
		{2C749CF2-C419-4CCF-A17F-AC6B8E50EE26}.Ad-Hoc|x64.ActiveCfg = Debug|Any CPU
		{2C749CF2-C419-4CCF-A17F-AC6B8E50EE26}.Ad-Hoc|x64.Build.0 = Debug|Any CPU
		{2C749CF2-C419-4CCF-A17F-AC6B8E50EE26}.Ad-Hoc|x86.ActiveCfg = Debug|Any CPU
		{2C749CF2-C419-4CCF-A17F-AC6B8E50EE26}.Ad-Hoc|x86.Build.0 = Debug|Any CPU
		{2C749CF2-C419-4CCF-A17F-AC6B8E50EE26}.AppStore|Any CPU.ActiveCfg = Debug|Any CPU
		{2C749CF2-C419-4CCF-A17F-AC6B8E50EE26}.AppStore|Any CPU.Build.0 = Debug|Any CPU
		{2C749CF2-C419-4CCF-A17F-AC6B8E50EE26}.AppStore|ARM.ActiveCfg = Debug|Any CPU
		{2C749CF2-C419-4CCF-A17F-AC6B8E50EE26}.AppStore|ARM.Build.0 = Debug|Any CPU
		{2C749CF2-C419-4CCF-A17F-AC6B8E50EE26}.AppStore|ARM64.ActiveCfg = Debug|Any CPU
		{2C749CF2-C419-4CCF-A17F-AC6B8E50EE26}.AppStore|ARM64.Build.0 = Debug|Any CPU
		{2C749CF2-C419-4CCF-A17F-AC6B8E50EE26}.AppStore|iPhone.ActiveCfg = Debug|Any CPU
		{2C749CF2-C419-4CCF-A17F-AC6B8E50EE26}.AppStore|iPhone.Build.0 = Debug|Any CPU
		{2C749CF2-C419-4CCF-A17F-AC6B8E50EE26}.AppStore|iPhoneSimulator.ActiveCfg = Debug|Any CPU
		{2C749CF2-C419-4CCF-A17F-AC6B8E50EE26}.AppStore|iPhoneSimulator.Build.0 = Debug|Any CPU
		{2C749CF2-C419-4CCF-A17F-AC6B8E50EE26}.AppStore|x64.ActiveCfg = Debug|Any CPU
		{2C749CF2-C419-4CCF-A17F-AC6B8E50EE26}.AppStore|x64.Build.0 = Debug|Any CPU
		{2C749CF2-C419-4CCF-A17F-AC6B8E50EE26}.AppStore|x86.ActiveCfg = Debug|Any CPU
		{2C749CF2-C419-4CCF-A17F-AC6B8E50EE26}.AppStore|x86.Build.0 = Debug|Any CPU
		{2C749CF2-C419-4CCF-A17F-AC6B8E50EE26}.Debug|Any CPU.ActiveCfg = Debug|Any CPU
		{2C749CF2-C419-4CCF-A17F-AC6B8E50EE26}.Debug|Any CPU.Build.0 = Debug|Any CPU
		{2C749CF2-C419-4CCF-A17F-AC6B8E50EE26}.Debug|ARM.ActiveCfg = Debug|Any CPU
		{2C749CF2-C419-4CCF-A17F-AC6B8E50EE26}.Debug|ARM.Build.0 = Debug|Any CPU
		{2C749CF2-C419-4CCF-A17F-AC6B8E50EE26}.Debug|ARM64.ActiveCfg = Debug|Any CPU
		{2C749CF2-C419-4CCF-A17F-AC6B8E50EE26}.Debug|ARM64.Build.0 = Debug|Any CPU
		{2C749CF2-C419-4CCF-A17F-AC6B8E50EE26}.Debug|iPhone.ActiveCfg = Debug|Any CPU
		{2C749CF2-C419-4CCF-A17F-AC6B8E50EE26}.Debug|iPhone.Build.0 = Debug|Any CPU
		{2C749CF2-C419-4CCF-A17F-AC6B8E50EE26}.Debug|iPhoneSimulator.ActiveCfg = Debug|Any CPU
		{2C749CF2-C419-4CCF-A17F-AC6B8E50EE26}.Debug|iPhoneSimulator.Build.0 = Debug|Any CPU
		{2C749CF2-C419-4CCF-A17F-AC6B8E50EE26}.Debug|x64.ActiveCfg = Debug|Any CPU
		{2C749CF2-C419-4CCF-A17F-AC6B8E50EE26}.Debug|x64.Build.0 = Debug|Any CPU
		{2C749CF2-C419-4CCF-A17F-AC6B8E50EE26}.Debug|x86.ActiveCfg = Debug|Any CPU
		{2C749CF2-C419-4CCF-A17F-AC6B8E50EE26}.Debug|x86.Build.0 = Debug|Any CPU
		{2C749CF2-C419-4CCF-A17F-AC6B8E50EE26}.Release|Any CPU.ActiveCfg = Release|Any CPU
		{2C749CF2-C419-4CCF-A17F-AC6B8E50EE26}.Release|Any CPU.Build.0 = Release|Any CPU
		{2C749CF2-C419-4CCF-A17F-AC6B8E50EE26}.Release|ARM.ActiveCfg = Release|Any CPU
		{2C749CF2-C419-4CCF-A17F-AC6B8E50EE26}.Release|ARM.Build.0 = Release|Any CPU
		{2C749CF2-C419-4CCF-A17F-AC6B8E50EE26}.Release|ARM64.ActiveCfg = Release|Any CPU
		{2C749CF2-C419-4CCF-A17F-AC6B8E50EE26}.Release|ARM64.Build.0 = Release|Any CPU
		{2C749CF2-C419-4CCF-A17F-AC6B8E50EE26}.Release|iPhone.ActiveCfg = Release|Any CPU
		{2C749CF2-C419-4CCF-A17F-AC6B8E50EE26}.Release|iPhone.Build.0 = Release|Any CPU
		{2C749CF2-C419-4CCF-A17F-AC6B8E50EE26}.Release|iPhoneSimulator.ActiveCfg = Release|Any CPU
		{2C749CF2-C419-4CCF-A17F-AC6B8E50EE26}.Release|iPhoneSimulator.Build.0 = Release|Any CPU
		{2C749CF2-C419-4CCF-A17F-AC6B8E50EE26}.Release|x64.ActiveCfg = Release|Any CPU
		{2C749CF2-C419-4CCF-A17F-AC6B8E50EE26}.Release|x64.Build.0 = Release|Any CPU
		{2C749CF2-C419-4CCF-A17F-AC6B8E50EE26}.Release|x86.ActiveCfg = Release|Any CPU
		{2C749CF2-C419-4CCF-A17F-AC6B8E50EE26}.Release|x86.Build.0 = Release|Any CPU
		{0EBBE970-E3F2-4800-BF4C-22F8602186B9}.Ad-Hoc|Any CPU.ActiveCfg = Debug|Any CPU
		{0EBBE970-E3F2-4800-BF4C-22F8602186B9}.Ad-Hoc|Any CPU.Build.0 = Debug|Any CPU
		{0EBBE970-E3F2-4800-BF4C-22F8602186B9}.Ad-Hoc|ARM.ActiveCfg = Debug|Any CPU
		{0EBBE970-E3F2-4800-BF4C-22F8602186B9}.Ad-Hoc|ARM.Build.0 = Debug|Any CPU
		{0EBBE970-E3F2-4800-BF4C-22F8602186B9}.Ad-Hoc|ARM64.ActiveCfg = Debug|Any CPU
		{0EBBE970-E3F2-4800-BF4C-22F8602186B9}.Ad-Hoc|ARM64.Build.0 = Debug|Any CPU
		{0EBBE970-E3F2-4800-BF4C-22F8602186B9}.Ad-Hoc|iPhone.ActiveCfg = Debug|Any CPU
		{0EBBE970-E3F2-4800-BF4C-22F8602186B9}.Ad-Hoc|iPhone.Build.0 = Debug|Any CPU
		{0EBBE970-E3F2-4800-BF4C-22F8602186B9}.Ad-Hoc|iPhoneSimulator.ActiveCfg = Debug|Any CPU
		{0EBBE970-E3F2-4800-BF4C-22F8602186B9}.Ad-Hoc|iPhoneSimulator.Build.0 = Debug|Any CPU
		{0EBBE970-E3F2-4800-BF4C-22F8602186B9}.Ad-Hoc|x64.ActiveCfg = Debug|Any CPU
		{0EBBE970-E3F2-4800-BF4C-22F8602186B9}.Ad-Hoc|x64.Build.0 = Debug|Any CPU
		{0EBBE970-E3F2-4800-BF4C-22F8602186B9}.Ad-Hoc|x86.ActiveCfg = Debug|Any CPU
		{0EBBE970-E3F2-4800-BF4C-22F8602186B9}.Ad-Hoc|x86.Build.0 = Debug|Any CPU
		{0EBBE970-E3F2-4800-BF4C-22F8602186B9}.AppStore|Any CPU.ActiveCfg = Debug|Any CPU
		{0EBBE970-E3F2-4800-BF4C-22F8602186B9}.AppStore|Any CPU.Build.0 = Debug|Any CPU
		{0EBBE970-E3F2-4800-BF4C-22F8602186B9}.AppStore|ARM.ActiveCfg = Debug|Any CPU
		{0EBBE970-E3F2-4800-BF4C-22F8602186B9}.AppStore|ARM.Build.0 = Debug|Any CPU
		{0EBBE970-E3F2-4800-BF4C-22F8602186B9}.AppStore|ARM64.ActiveCfg = Debug|Any CPU
		{0EBBE970-E3F2-4800-BF4C-22F8602186B9}.AppStore|ARM64.Build.0 = Debug|Any CPU
		{0EBBE970-E3F2-4800-BF4C-22F8602186B9}.AppStore|iPhone.ActiveCfg = Debug|Any CPU
		{0EBBE970-E3F2-4800-BF4C-22F8602186B9}.AppStore|iPhone.Build.0 = Debug|Any CPU
		{0EBBE970-E3F2-4800-BF4C-22F8602186B9}.AppStore|iPhoneSimulator.ActiveCfg = Debug|Any CPU
		{0EBBE970-E3F2-4800-BF4C-22F8602186B9}.AppStore|iPhoneSimulator.Build.0 = Debug|Any CPU
		{0EBBE970-E3F2-4800-BF4C-22F8602186B9}.AppStore|x64.ActiveCfg = Debug|Any CPU
		{0EBBE970-E3F2-4800-BF4C-22F8602186B9}.AppStore|x64.Build.0 = Debug|Any CPU
		{0EBBE970-E3F2-4800-BF4C-22F8602186B9}.AppStore|x86.ActiveCfg = Debug|Any CPU
		{0EBBE970-E3F2-4800-BF4C-22F8602186B9}.AppStore|x86.Build.0 = Debug|Any CPU
		{0EBBE970-E3F2-4800-BF4C-22F8602186B9}.Debug|Any CPU.ActiveCfg = Debug|Any CPU
		{0EBBE970-E3F2-4800-BF4C-22F8602186B9}.Debug|Any CPU.Build.0 = Debug|Any CPU
		{0EBBE970-E3F2-4800-BF4C-22F8602186B9}.Debug|ARM.ActiveCfg = Debug|Any CPU
		{0EBBE970-E3F2-4800-BF4C-22F8602186B9}.Debug|ARM.Build.0 = Debug|Any CPU
		{0EBBE970-E3F2-4800-BF4C-22F8602186B9}.Debug|ARM64.ActiveCfg = Debug|Any CPU
		{0EBBE970-E3F2-4800-BF4C-22F8602186B9}.Debug|ARM64.Build.0 = Debug|Any CPU
		{0EBBE970-E3F2-4800-BF4C-22F8602186B9}.Debug|iPhone.ActiveCfg = Debug|Any CPU
		{0EBBE970-E3F2-4800-BF4C-22F8602186B9}.Debug|iPhone.Build.0 = Debug|Any CPU
		{0EBBE970-E3F2-4800-BF4C-22F8602186B9}.Debug|iPhoneSimulator.ActiveCfg = Debug|Any CPU
		{0EBBE970-E3F2-4800-BF4C-22F8602186B9}.Debug|iPhoneSimulator.Build.0 = Debug|Any CPU
		{0EBBE970-E3F2-4800-BF4C-22F8602186B9}.Debug|x64.ActiveCfg = Debug|Any CPU
		{0EBBE970-E3F2-4800-BF4C-22F8602186B9}.Debug|x64.Build.0 = Debug|Any CPU
		{0EBBE970-E3F2-4800-BF4C-22F8602186B9}.Debug|x86.ActiveCfg = Debug|Any CPU
		{0EBBE970-E3F2-4800-BF4C-22F8602186B9}.Debug|x86.Build.0 = Debug|Any CPU
		{0EBBE970-E3F2-4800-BF4C-22F8602186B9}.Release|Any CPU.ActiveCfg = Release|Any CPU
		{0EBBE970-E3F2-4800-BF4C-22F8602186B9}.Release|Any CPU.Build.0 = Release|Any CPU
		{0EBBE970-E3F2-4800-BF4C-22F8602186B9}.Release|ARM.ActiveCfg = Release|Any CPU
		{0EBBE970-E3F2-4800-BF4C-22F8602186B9}.Release|ARM.Build.0 = Release|Any CPU
		{0EBBE970-E3F2-4800-BF4C-22F8602186B9}.Release|ARM64.ActiveCfg = Release|Any CPU
		{0EBBE970-E3F2-4800-BF4C-22F8602186B9}.Release|ARM64.Build.0 = Release|Any CPU
		{0EBBE970-E3F2-4800-BF4C-22F8602186B9}.Release|iPhone.ActiveCfg = Release|Any CPU
		{0EBBE970-E3F2-4800-BF4C-22F8602186B9}.Release|iPhone.Build.0 = Release|Any CPU
		{0EBBE970-E3F2-4800-BF4C-22F8602186B9}.Release|iPhoneSimulator.ActiveCfg = Release|Any CPU
		{0EBBE970-E3F2-4800-BF4C-22F8602186B9}.Release|iPhoneSimulator.Build.0 = Release|Any CPU
		{0EBBE970-E3F2-4800-BF4C-22F8602186B9}.Release|x64.ActiveCfg = Release|Any CPU
		{0EBBE970-E3F2-4800-BF4C-22F8602186B9}.Release|x64.Build.0 = Release|Any CPU
		{0EBBE970-E3F2-4800-BF4C-22F8602186B9}.Release|x86.ActiveCfg = Release|Any CPU
		{0EBBE970-E3F2-4800-BF4C-22F8602186B9}.Release|x86.Build.0 = Release|Any CPU
		{5C2CB8D0-3ABF-4C18-AB86-D1ED0A3C4DFC}.Ad-Hoc|Any CPU.ActiveCfg = Debug|Any CPU
		{5C2CB8D0-3ABF-4C18-AB86-D1ED0A3C4DFC}.Ad-Hoc|Any CPU.Build.0 = Debug|Any CPU
		{5C2CB8D0-3ABF-4C18-AB86-D1ED0A3C4DFC}.Ad-Hoc|ARM.ActiveCfg = Debug|Any CPU
		{5C2CB8D0-3ABF-4C18-AB86-D1ED0A3C4DFC}.Ad-Hoc|ARM.Build.0 = Debug|Any CPU
		{5C2CB8D0-3ABF-4C18-AB86-D1ED0A3C4DFC}.Ad-Hoc|ARM64.ActiveCfg = Debug|Any CPU
		{5C2CB8D0-3ABF-4C18-AB86-D1ED0A3C4DFC}.Ad-Hoc|ARM64.Build.0 = Debug|Any CPU
		{5C2CB8D0-3ABF-4C18-AB86-D1ED0A3C4DFC}.Ad-Hoc|iPhone.ActiveCfg = Debug|Any CPU
		{5C2CB8D0-3ABF-4C18-AB86-D1ED0A3C4DFC}.Ad-Hoc|iPhone.Build.0 = Debug|Any CPU
		{5C2CB8D0-3ABF-4C18-AB86-D1ED0A3C4DFC}.Ad-Hoc|iPhoneSimulator.ActiveCfg = Debug|Any CPU
		{5C2CB8D0-3ABF-4C18-AB86-D1ED0A3C4DFC}.Ad-Hoc|iPhoneSimulator.Build.0 = Debug|Any CPU
		{5C2CB8D0-3ABF-4C18-AB86-D1ED0A3C4DFC}.Ad-Hoc|x64.ActiveCfg = Debug|Any CPU
		{5C2CB8D0-3ABF-4C18-AB86-D1ED0A3C4DFC}.Ad-Hoc|x64.Build.0 = Debug|Any CPU
		{5C2CB8D0-3ABF-4C18-AB86-D1ED0A3C4DFC}.Ad-Hoc|x86.ActiveCfg = Debug|Any CPU
		{5C2CB8D0-3ABF-4C18-AB86-D1ED0A3C4DFC}.Ad-Hoc|x86.Build.0 = Debug|Any CPU
		{5C2CB8D0-3ABF-4C18-AB86-D1ED0A3C4DFC}.AppStore|Any CPU.ActiveCfg = Debug|Any CPU
		{5C2CB8D0-3ABF-4C18-AB86-D1ED0A3C4DFC}.AppStore|Any CPU.Build.0 = Debug|Any CPU
		{5C2CB8D0-3ABF-4C18-AB86-D1ED0A3C4DFC}.AppStore|ARM.ActiveCfg = Debug|Any CPU
		{5C2CB8D0-3ABF-4C18-AB86-D1ED0A3C4DFC}.AppStore|ARM.Build.0 = Debug|Any CPU
		{5C2CB8D0-3ABF-4C18-AB86-D1ED0A3C4DFC}.AppStore|ARM64.ActiveCfg = Debug|Any CPU
		{5C2CB8D0-3ABF-4C18-AB86-D1ED0A3C4DFC}.AppStore|ARM64.Build.0 = Debug|Any CPU
		{5C2CB8D0-3ABF-4C18-AB86-D1ED0A3C4DFC}.AppStore|iPhone.ActiveCfg = Debug|Any CPU
		{5C2CB8D0-3ABF-4C18-AB86-D1ED0A3C4DFC}.AppStore|iPhone.Build.0 = Debug|Any CPU
		{5C2CB8D0-3ABF-4C18-AB86-D1ED0A3C4DFC}.AppStore|iPhoneSimulator.ActiveCfg = Debug|Any CPU
		{5C2CB8D0-3ABF-4C18-AB86-D1ED0A3C4DFC}.AppStore|iPhoneSimulator.Build.0 = Debug|Any CPU
		{5C2CB8D0-3ABF-4C18-AB86-D1ED0A3C4DFC}.AppStore|x64.ActiveCfg = Debug|Any CPU
		{5C2CB8D0-3ABF-4C18-AB86-D1ED0A3C4DFC}.AppStore|x64.Build.0 = Debug|Any CPU
		{5C2CB8D0-3ABF-4C18-AB86-D1ED0A3C4DFC}.AppStore|x86.ActiveCfg = Debug|Any CPU
		{5C2CB8D0-3ABF-4C18-AB86-D1ED0A3C4DFC}.AppStore|x86.Build.0 = Debug|Any CPU
		{5C2CB8D0-3ABF-4C18-AB86-D1ED0A3C4DFC}.Debug|Any CPU.ActiveCfg = Debug|Any CPU
		{5C2CB8D0-3ABF-4C18-AB86-D1ED0A3C4DFC}.Debug|Any CPU.Build.0 = Debug|Any CPU
		{5C2CB8D0-3ABF-4C18-AB86-D1ED0A3C4DFC}.Debug|ARM.ActiveCfg = Debug|Any CPU
		{5C2CB8D0-3ABF-4C18-AB86-D1ED0A3C4DFC}.Debug|ARM.Build.0 = Debug|Any CPU
		{5C2CB8D0-3ABF-4C18-AB86-D1ED0A3C4DFC}.Debug|ARM64.ActiveCfg = Debug|Any CPU
		{5C2CB8D0-3ABF-4C18-AB86-D1ED0A3C4DFC}.Debug|ARM64.Build.0 = Debug|Any CPU
		{5C2CB8D0-3ABF-4C18-AB86-D1ED0A3C4DFC}.Debug|iPhone.ActiveCfg = Debug|Any CPU
		{5C2CB8D0-3ABF-4C18-AB86-D1ED0A3C4DFC}.Debug|iPhone.Build.0 = Debug|Any CPU
		{5C2CB8D0-3ABF-4C18-AB86-D1ED0A3C4DFC}.Debug|iPhoneSimulator.ActiveCfg = Debug|Any CPU
		{5C2CB8D0-3ABF-4C18-AB86-D1ED0A3C4DFC}.Debug|iPhoneSimulator.Build.0 = Debug|Any CPU
		{5C2CB8D0-3ABF-4C18-AB86-D1ED0A3C4DFC}.Debug|x64.ActiveCfg = Debug|Any CPU
		{5C2CB8D0-3ABF-4C18-AB86-D1ED0A3C4DFC}.Debug|x64.Build.0 = Debug|Any CPU
		{5C2CB8D0-3ABF-4C18-AB86-D1ED0A3C4DFC}.Debug|x86.ActiveCfg = Debug|Any CPU
		{5C2CB8D0-3ABF-4C18-AB86-D1ED0A3C4DFC}.Debug|x86.Build.0 = Debug|Any CPU
		{5C2CB8D0-3ABF-4C18-AB86-D1ED0A3C4DFC}.Release|Any CPU.ActiveCfg = Release|Any CPU
		{5C2CB8D0-3ABF-4C18-AB86-D1ED0A3C4DFC}.Release|Any CPU.Build.0 = Release|Any CPU
		{5C2CB8D0-3ABF-4C18-AB86-D1ED0A3C4DFC}.Release|ARM.ActiveCfg = Release|Any CPU
		{5C2CB8D0-3ABF-4C18-AB86-D1ED0A3C4DFC}.Release|ARM.Build.0 = Release|Any CPU
		{5C2CB8D0-3ABF-4C18-AB86-D1ED0A3C4DFC}.Release|ARM64.ActiveCfg = Release|Any CPU
		{5C2CB8D0-3ABF-4C18-AB86-D1ED0A3C4DFC}.Release|ARM64.Build.0 = Release|Any CPU
		{5C2CB8D0-3ABF-4C18-AB86-D1ED0A3C4DFC}.Release|iPhone.ActiveCfg = Release|Any CPU
		{5C2CB8D0-3ABF-4C18-AB86-D1ED0A3C4DFC}.Release|iPhone.Build.0 = Release|Any CPU
		{5C2CB8D0-3ABF-4C18-AB86-D1ED0A3C4DFC}.Release|iPhoneSimulator.ActiveCfg = Release|Any CPU
		{5C2CB8D0-3ABF-4C18-AB86-D1ED0A3C4DFC}.Release|iPhoneSimulator.Build.0 = Release|Any CPU
		{5C2CB8D0-3ABF-4C18-AB86-D1ED0A3C4DFC}.Release|x64.ActiveCfg = Release|Any CPU
		{5C2CB8D0-3ABF-4C18-AB86-D1ED0A3C4DFC}.Release|x64.Build.0 = Release|Any CPU
		{5C2CB8D0-3ABF-4C18-AB86-D1ED0A3C4DFC}.Release|x86.ActiveCfg = Release|Any CPU
		{5C2CB8D0-3ABF-4C18-AB86-D1ED0A3C4DFC}.Release|x86.Build.0 = Release|Any CPU
		{E9A8DD42-D7F3-4A2B-8B26-B1B9B003916A}.Ad-Hoc|Any CPU.ActiveCfg = Debug|Any CPU
		{E9A8DD42-D7F3-4A2B-8B26-B1B9B003916A}.Ad-Hoc|Any CPU.Build.0 = Debug|Any CPU
		{E9A8DD42-D7F3-4A2B-8B26-B1B9B003916A}.Ad-Hoc|ARM.ActiveCfg = Debug|Any CPU
		{E9A8DD42-D7F3-4A2B-8B26-B1B9B003916A}.Ad-Hoc|ARM.Build.0 = Debug|Any CPU
		{E9A8DD42-D7F3-4A2B-8B26-B1B9B003916A}.Ad-Hoc|ARM64.ActiveCfg = Debug|Any CPU
		{E9A8DD42-D7F3-4A2B-8B26-B1B9B003916A}.Ad-Hoc|ARM64.Build.0 = Debug|Any CPU
		{E9A8DD42-D7F3-4A2B-8B26-B1B9B003916A}.Ad-Hoc|iPhone.ActiveCfg = Debug|Any CPU
		{E9A8DD42-D7F3-4A2B-8B26-B1B9B003916A}.Ad-Hoc|iPhone.Build.0 = Debug|Any CPU
		{E9A8DD42-D7F3-4A2B-8B26-B1B9B003916A}.Ad-Hoc|iPhoneSimulator.ActiveCfg = Debug|Any CPU
		{E9A8DD42-D7F3-4A2B-8B26-B1B9B003916A}.Ad-Hoc|iPhoneSimulator.Build.0 = Debug|Any CPU
		{E9A8DD42-D7F3-4A2B-8B26-B1B9B003916A}.Ad-Hoc|x64.ActiveCfg = Debug|Any CPU
		{E9A8DD42-D7F3-4A2B-8B26-B1B9B003916A}.Ad-Hoc|x64.Build.0 = Debug|Any CPU
		{E9A8DD42-D7F3-4A2B-8B26-B1B9B003916A}.Ad-Hoc|x86.ActiveCfg = Debug|Any CPU
		{E9A8DD42-D7F3-4A2B-8B26-B1B9B003916A}.Ad-Hoc|x86.Build.0 = Debug|Any CPU
		{E9A8DD42-D7F3-4A2B-8B26-B1B9B003916A}.AppStore|Any CPU.ActiveCfg = Debug|Any CPU
		{E9A8DD42-D7F3-4A2B-8B26-B1B9B003916A}.AppStore|Any CPU.Build.0 = Debug|Any CPU
		{E9A8DD42-D7F3-4A2B-8B26-B1B9B003916A}.AppStore|ARM.ActiveCfg = Debug|Any CPU
		{E9A8DD42-D7F3-4A2B-8B26-B1B9B003916A}.AppStore|ARM.Build.0 = Debug|Any CPU
		{E9A8DD42-D7F3-4A2B-8B26-B1B9B003916A}.AppStore|ARM64.ActiveCfg = Debug|Any CPU
		{E9A8DD42-D7F3-4A2B-8B26-B1B9B003916A}.AppStore|ARM64.Build.0 = Debug|Any CPU
		{E9A8DD42-D7F3-4A2B-8B26-B1B9B003916A}.AppStore|iPhone.ActiveCfg = Debug|Any CPU
		{E9A8DD42-D7F3-4A2B-8B26-B1B9B003916A}.AppStore|iPhone.Build.0 = Debug|Any CPU
		{E9A8DD42-D7F3-4A2B-8B26-B1B9B003916A}.AppStore|iPhoneSimulator.ActiveCfg = Debug|Any CPU
		{E9A8DD42-D7F3-4A2B-8B26-B1B9B003916A}.AppStore|iPhoneSimulator.Build.0 = Debug|Any CPU
		{E9A8DD42-D7F3-4A2B-8B26-B1B9B003916A}.AppStore|x64.ActiveCfg = Debug|Any CPU
		{E9A8DD42-D7F3-4A2B-8B26-B1B9B003916A}.AppStore|x64.Build.0 = Debug|Any CPU
		{E9A8DD42-D7F3-4A2B-8B26-B1B9B003916A}.AppStore|x86.ActiveCfg = Debug|Any CPU
		{E9A8DD42-D7F3-4A2B-8B26-B1B9B003916A}.AppStore|x86.Build.0 = Debug|Any CPU
		{E9A8DD42-D7F3-4A2B-8B26-B1B9B003916A}.Debug|Any CPU.ActiveCfg = Debug|Any CPU
		{E9A8DD42-D7F3-4A2B-8B26-B1B9B003916A}.Debug|Any CPU.Build.0 = Debug|Any CPU
		{E9A8DD42-D7F3-4A2B-8B26-B1B9B003916A}.Debug|ARM.ActiveCfg = Debug|Any CPU
		{E9A8DD42-D7F3-4A2B-8B26-B1B9B003916A}.Debug|ARM.Build.0 = Debug|Any CPU
		{E9A8DD42-D7F3-4A2B-8B26-B1B9B003916A}.Debug|ARM64.ActiveCfg = Debug|Any CPU
		{E9A8DD42-D7F3-4A2B-8B26-B1B9B003916A}.Debug|ARM64.Build.0 = Debug|Any CPU
		{E9A8DD42-D7F3-4A2B-8B26-B1B9B003916A}.Debug|iPhone.ActiveCfg = Debug|Any CPU
		{E9A8DD42-D7F3-4A2B-8B26-B1B9B003916A}.Debug|iPhone.Build.0 = Debug|Any CPU
		{E9A8DD42-D7F3-4A2B-8B26-B1B9B003916A}.Debug|iPhoneSimulator.ActiveCfg = Debug|Any CPU
		{E9A8DD42-D7F3-4A2B-8B26-B1B9B003916A}.Debug|iPhoneSimulator.Build.0 = Debug|Any CPU
		{E9A8DD42-D7F3-4A2B-8B26-B1B9B003916A}.Debug|x64.ActiveCfg = Debug|Any CPU
		{E9A8DD42-D7F3-4A2B-8B26-B1B9B003916A}.Debug|x64.Build.0 = Debug|Any CPU
		{E9A8DD42-D7F3-4A2B-8B26-B1B9B003916A}.Debug|x86.ActiveCfg = Debug|Any CPU
		{E9A8DD42-D7F3-4A2B-8B26-B1B9B003916A}.Debug|x86.Build.0 = Debug|Any CPU
		{E9A8DD42-D7F3-4A2B-8B26-B1B9B003916A}.Release|Any CPU.ActiveCfg = Release|Any CPU
		{E9A8DD42-D7F3-4A2B-8B26-B1B9B003916A}.Release|Any CPU.Build.0 = Release|Any CPU
		{E9A8DD42-D7F3-4A2B-8B26-B1B9B003916A}.Release|ARM.ActiveCfg = Release|Any CPU
		{E9A8DD42-D7F3-4A2B-8B26-B1B9B003916A}.Release|ARM.Build.0 = Release|Any CPU
		{E9A8DD42-D7F3-4A2B-8B26-B1B9B003916A}.Release|ARM64.ActiveCfg = Release|Any CPU
		{E9A8DD42-D7F3-4A2B-8B26-B1B9B003916A}.Release|ARM64.Build.0 = Release|Any CPU
		{E9A8DD42-D7F3-4A2B-8B26-B1B9B003916A}.Release|iPhone.ActiveCfg = Release|Any CPU
		{E9A8DD42-D7F3-4A2B-8B26-B1B9B003916A}.Release|iPhone.Build.0 = Release|Any CPU
		{E9A8DD42-D7F3-4A2B-8B26-B1B9B003916A}.Release|iPhoneSimulator.ActiveCfg = Release|Any CPU
		{E9A8DD42-D7F3-4A2B-8B26-B1B9B003916A}.Release|iPhoneSimulator.Build.0 = Release|Any CPU
		{E9A8DD42-D7F3-4A2B-8B26-B1B9B003916A}.Release|x64.ActiveCfg = Release|Any CPU
		{E9A8DD42-D7F3-4A2B-8B26-B1B9B003916A}.Release|x64.Build.0 = Release|Any CPU
		{E9A8DD42-D7F3-4A2B-8B26-B1B9B003916A}.Release|x86.ActiveCfg = Release|Any CPU
		{E9A8DD42-D7F3-4A2B-8B26-B1B9B003916A}.Release|x86.Build.0 = Release|Any CPU
		{D7E15282-BD6A-408D-B852-DE5C826315B5}.Ad-Hoc|Any CPU.ActiveCfg = Debug|Any CPU
		{D7E15282-BD6A-408D-B852-DE5C826315B5}.Ad-Hoc|Any CPU.Build.0 = Debug|Any CPU
		{D7E15282-BD6A-408D-B852-DE5C826315B5}.Ad-Hoc|ARM.ActiveCfg = Debug|Any CPU
		{D7E15282-BD6A-408D-B852-DE5C826315B5}.Ad-Hoc|ARM.Build.0 = Debug|Any CPU
		{D7E15282-BD6A-408D-B852-DE5C826315B5}.Ad-Hoc|ARM64.ActiveCfg = Debug|Any CPU
		{D7E15282-BD6A-408D-B852-DE5C826315B5}.Ad-Hoc|ARM64.Build.0 = Debug|Any CPU
		{D7E15282-BD6A-408D-B852-DE5C826315B5}.Ad-Hoc|iPhone.ActiveCfg = Debug|Any CPU
		{D7E15282-BD6A-408D-B852-DE5C826315B5}.Ad-Hoc|iPhone.Build.0 = Debug|Any CPU
		{D7E15282-BD6A-408D-B852-DE5C826315B5}.Ad-Hoc|iPhoneSimulator.ActiveCfg = Debug|Any CPU
		{D7E15282-BD6A-408D-B852-DE5C826315B5}.Ad-Hoc|iPhoneSimulator.Build.0 = Debug|Any CPU
		{D7E15282-BD6A-408D-B852-DE5C826315B5}.Ad-Hoc|x64.ActiveCfg = Debug|Any CPU
		{D7E15282-BD6A-408D-B852-DE5C826315B5}.Ad-Hoc|x64.Build.0 = Debug|Any CPU
		{D7E15282-BD6A-408D-B852-DE5C826315B5}.Ad-Hoc|x86.ActiveCfg = Debug|Any CPU
		{D7E15282-BD6A-408D-B852-DE5C826315B5}.Ad-Hoc|x86.Build.0 = Debug|Any CPU
		{D7E15282-BD6A-408D-B852-DE5C826315B5}.AppStore|Any CPU.ActiveCfg = Debug|Any CPU
		{D7E15282-BD6A-408D-B852-DE5C826315B5}.AppStore|Any CPU.Build.0 = Debug|Any CPU
		{D7E15282-BD6A-408D-B852-DE5C826315B5}.AppStore|ARM.ActiveCfg = Debug|Any CPU
		{D7E15282-BD6A-408D-B852-DE5C826315B5}.AppStore|ARM.Build.0 = Debug|Any CPU
		{D7E15282-BD6A-408D-B852-DE5C826315B5}.AppStore|ARM64.ActiveCfg = Debug|Any CPU
		{D7E15282-BD6A-408D-B852-DE5C826315B5}.AppStore|ARM64.Build.0 = Debug|Any CPU
		{D7E15282-BD6A-408D-B852-DE5C826315B5}.AppStore|iPhone.ActiveCfg = Debug|Any CPU
		{D7E15282-BD6A-408D-B852-DE5C826315B5}.AppStore|iPhone.Build.0 = Debug|Any CPU
		{D7E15282-BD6A-408D-B852-DE5C826315B5}.AppStore|iPhoneSimulator.ActiveCfg = Debug|Any CPU
		{D7E15282-BD6A-408D-B852-DE5C826315B5}.AppStore|iPhoneSimulator.Build.0 = Debug|Any CPU
		{D7E15282-BD6A-408D-B852-DE5C826315B5}.AppStore|x64.ActiveCfg = Debug|Any CPU
		{D7E15282-BD6A-408D-B852-DE5C826315B5}.AppStore|x64.Build.0 = Debug|Any CPU
		{D7E15282-BD6A-408D-B852-DE5C826315B5}.AppStore|x86.ActiveCfg = Debug|Any CPU
		{D7E15282-BD6A-408D-B852-DE5C826315B5}.AppStore|x86.Build.0 = Debug|Any CPU
		{D7E15282-BD6A-408D-B852-DE5C826315B5}.Debug|Any CPU.ActiveCfg = Debug|Any CPU
		{D7E15282-BD6A-408D-B852-DE5C826315B5}.Debug|Any CPU.Build.0 = Debug|Any CPU
		{D7E15282-BD6A-408D-B852-DE5C826315B5}.Debug|ARM.ActiveCfg = Debug|Any CPU
		{D7E15282-BD6A-408D-B852-DE5C826315B5}.Debug|ARM.Build.0 = Debug|Any CPU
		{D7E15282-BD6A-408D-B852-DE5C826315B5}.Debug|ARM64.ActiveCfg = Debug|Any CPU
		{D7E15282-BD6A-408D-B852-DE5C826315B5}.Debug|ARM64.Build.0 = Debug|Any CPU
		{D7E15282-BD6A-408D-B852-DE5C826315B5}.Debug|iPhone.ActiveCfg = Debug|Any CPU
		{D7E15282-BD6A-408D-B852-DE5C826315B5}.Debug|iPhone.Build.0 = Debug|Any CPU
		{D7E15282-BD6A-408D-B852-DE5C826315B5}.Debug|iPhoneSimulator.ActiveCfg = Debug|Any CPU
		{D7E15282-BD6A-408D-B852-DE5C826315B5}.Debug|iPhoneSimulator.Build.0 = Debug|Any CPU
		{D7E15282-BD6A-408D-B852-DE5C826315B5}.Debug|x64.ActiveCfg = Debug|Any CPU
		{D7E15282-BD6A-408D-B852-DE5C826315B5}.Debug|x64.Build.0 = Debug|Any CPU
		{D7E15282-BD6A-408D-B852-DE5C826315B5}.Debug|x86.ActiveCfg = Debug|Any CPU
		{D7E15282-BD6A-408D-B852-DE5C826315B5}.Debug|x86.Build.0 = Debug|Any CPU
		{D7E15282-BD6A-408D-B852-DE5C826315B5}.Release|Any CPU.ActiveCfg = Release|Any CPU
		{D7E15282-BD6A-408D-B852-DE5C826315B5}.Release|Any CPU.Build.0 = Release|Any CPU
		{D7E15282-BD6A-408D-B852-DE5C826315B5}.Release|ARM.ActiveCfg = Release|Any CPU
		{D7E15282-BD6A-408D-B852-DE5C826315B5}.Release|ARM.Build.0 = Release|Any CPU
		{D7E15282-BD6A-408D-B852-DE5C826315B5}.Release|ARM64.ActiveCfg = Release|Any CPU
		{D7E15282-BD6A-408D-B852-DE5C826315B5}.Release|ARM64.Build.0 = Release|Any CPU
		{D7E15282-BD6A-408D-B852-DE5C826315B5}.Release|iPhone.ActiveCfg = Release|Any CPU
		{D7E15282-BD6A-408D-B852-DE5C826315B5}.Release|iPhone.Build.0 = Release|Any CPU
		{D7E15282-BD6A-408D-B852-DE5C826315B5}.Release|iPhoneSimulator.ActiveCfg = Release|Any CPU
		{D7E15282-BD6A-408D-B852-DE5C826315B5}.Release|iPhoneSimulator.Build.0 = Release|Any CPU
		{D7E15282-BD6A-408D-B852-DE5C826315B5}.Release|x64.ActiveCfg = Release|Any CPU
		{D7E15282-BD6A-408D-B852-DE5C826315B5}.Release|x64.Build.0 = Release|Any CPU
		{D7E15282-BD6A-408D-B852-DE5C826315B5}.Release|x86.ActiveCfg = Release|Any CPU
		{D7E15282-BD6A-408D-B852-DE5C826315B5}.Release|x86.Build.0 = Release|Any CPU
	EndGlobalSection
	GlobalSection(SolutionProperties) = preSolution
		HideSolutionNode = FALSE
	EndGlobalSection
	GlobalSection(NestedProjects) = preSolution
		{7E935DC9-A914-49A2-885C-E7314035A458} = {4495CA28-5EFA-48D1-8E43-C4B967E71639}
		{1F5C8901-8031-4473-BA8D-161A83D3EC45} = {4495CA28-5EFA-48D1-8E43-C4B967E71639}
		{20E3DD40-D618-4C2A-BFCE-673CF431A299} = {4495CA28-5EFA-48D1-8E43-C4B967E71639}
		{784E2CF7-8CE9-4045-A348-247C072DFF3C} = {4495CA28-5EFA-48D1-8E43-C4B967E71639}
		{955D3FCE-7B07-42BC-B988-F20C548078E0} = {4495CA28-5EFA-48D1-8E43-C4B967E71639}
		{2C749CF2-C419-4CCF-A17F-AC6B8E50EE26} = {4495CA28-5EFA-48D1-8E43-C4B967E71639}
		{0EBBE970-E3F2-4800-BF4C-22F8602186B9} = {4495CA28-5EFA-48D1-8E43-C4B967E71639}
		{5C2CB8D0-3ABF-4C18-AB86-D1ED0A3C4DFC} = {4495CA28-5EFA-48D1-8E43-C4B967E71639}
		{E9A8DD42-D7F3-4A2B-8B26-B1B9B003916A} = {4495CA28-5EFA-48D1-8E43-C4B967E71639}
	EndGlobalSection
	GlobalSection(ExtensibilityGlobals) = postSolution
		SolutionGuid = {B09140A2-26FB-4A0C-9282-6EC72B72B844}
	EndGlobalSection
EndGlobal
